
Microsoft Visual Studio Solution File, Format Version 12.00
# Visual Studio Version 17
VisualStudioVersion = 17.4.33110.190
MinimumVisualStudioVersion = 10.0.40219.1
Project("{9A19103F-16F7-4668-BE54-9A1E7A4F7556}") = "BlazorNorthwindUI", "BlazorNorthwindUI\BlazorNorthwindUI.csproj", "{5EBDCDA3-F866-45A8-982F-FA6369B25CCE}"
EndProject
Global
	GlobalSection(SolutionConfigurationPlatforms) = preSolution
		Debug|Any CPU = Debug|Any CPU
		Release|Any CPU = Release|Any CPU
	EndGlobalSection
	GlobalSection(ProjectConfigurationPlatforms) = postSolution
		{5EBDCDA3-F866-45A8-982F-FA6369B25CCE}.Debug|Any CPU.ActiveCfg = Debug|Any CPU
		{5EBDCDA3-F866-45A8-982F-FA6369B25CCE}.Debug|Any CPU.Build.0 = Debug|Any CPU
		{5EBDCDA3-F866-45A8-982F-FA6369B25CCE}.Release|Any CPU.ActiveCfg = Release|Any CPU
		{5EBDCDA3-F866-45A8-982F-FA6369B25CCE}.Release|Any CPU.Build.0 = Release|Any CPU
	EndGlobalSection
	GlobalSection(SolutionProperties) = preSolution
		HideSolutionNode = FALSE
	EndGlobalSection
	GlobalSection(ExtensibilityGlobals) = postSolution
		SolutionGuid = {91090F86-D60A-40FB-B41E-39DCB6125BA2}
	EndGlobalSection
EndGlobal
